
Microsoft Visual Studio Solution File, Format Version 12.00
# Visual Studio Version 17
VisualStudioVersion = 17.8.34525.116
MinimumVisualStudioVersion = 10.0.40219.1
Project("{FAE04EC0-301F-11D3-BF4B-00C04F79EFBC}") = "CapaDesconectada", "CapaDesconectada\CapaDesconectada.csproj", "{BE2E803C-2AA0-4C5C-A6FE-197805EB35D8}"
EndProject
Project("{FAE04EC0-301F-11D3-BF4B-00C04F79EFBC}") = "AccesoDatos", "AccesoDatos\AccesoDatos.csproj", "{0CF1B662-0D33-4377-9A5E-863B100B0593}"
EndProject
Global
	GlobalSection(SolutionConfigurationPlatforms) = preSolution
		Debug|Any CPU = Debug|Any CPU
		Release|Any CPU = Release|Any CPU
	EndGlobalSection
	GlobalSection(ProjectConfigurationPlatforms) = postSolution
		{BE2E803C-2AA0-4C5C-A6FE-197805EB35D8}.Debug|Any CPU.ActiveCfg = Debug|Any CPU
		{BE2E803C-2AA0-4C5C-A6FE-197805EB35D8}.Debug|Any CPU.Build.0 = Debug|Any CPU
		{BE2E803C-2AA0-4C5C-A6FE-197805EB35D8}.Release|Any CPU.ActiveCfg = Release|Any CPU
		{BE2E803C-2AA0-4C5C-A6FE-197805EB35D8}.Release|Any CPU.Build.0 = Release|Any CPU
		{0CF1B662-0D33-4377-9A5E-863B100B0593}.Debug|Any CPU.ActiveCfg = Debug|Any CPU
		{0CF1B662-0D33-4377-9A5E-863B100B0593}.Debug|Any CPU.Build.0 = Debug|Any CPU
		{0CF1B662-0D33-4377-9A5E-863B100B0593}.Release|Any CPU.ActiveCfg = Release|Any CPU
		{0CF1B662-0D33-4377-9A5E-863B100B0593}.Release|Any CPU.Build.0 = Release|Any CPU
	EndGlobalSection
	GlobalSection(SolutionProperties) = preSolution
		HideSolutionNode = FALSE
	EndGlobalSection
	GlobalSection(ExtensibilityGlobals) = postSolution
		SolutionGuid = {6CB02F73-88DE-489A-8D27-1C6A5A53B3E6}
	EndGlobalSection
EndGlobal
